
Microsoft Visual Studio Solution File, Format Version 12.00
# Visual Studio Version 16
VisualStudioVersion = 16.0.31829.152
MinimumVisualStudioVersion = 10.0.40219.1
Project("{FAE04EC0-301F-11D3-BF4B-00C04F79EFBC}") = "BKSalvaditas2", "BKSalvaditas2\BKSalvaditas2.csproj", "{1306D96C-EAD8-4919-86B8-CCBF2A186915}"
EndProject
Global
	GlobalSection(SolutionConfigurationPlatforms) = preSolution
		Debug|Any CPU = Debug|Any CPU
		Release|Any CPU = Release|Any CPU
	EndGlobalSection
	GlobalSection(ProjectConfigurationPlatforms) = postSolution
		{1306D96C-EAD8-4919-86B8-CCBF2A186915}.Debug|Any CPU.ActiveCfg = Debug|Any CPU
		{1306D96C-EAD8-4919-86B8-CCBF2A186915}.Debug|Any CPU.Build.0 = Debug|Any CPU
		{1306D96C-EAD8-4919-86B8-CCBF2A186915}.Release|Any CPU.ActiveCfg = Release|Any CPU
		{1306D96C-EAD8-4919-86B8-CCBF2A186915}.Release|Any CPU.Build.0 = Release|Any CPU
	EndGlobalSection
	GlobalSection(SolutionProperties) = preSolution
		HideSolutionNode = FALSE
	EndGlobalSection
	GlobalSection(ExtensibilityGlobals) = postSolution
		SolutionGuid = {62F47E39-5963-463D-A5C5-4A18F70D59D0}
	EndGlobalSection
EndGlobal
